
Microsoft Visual Studio Solution File, Format Version 12.00
# Visual Studio Version 17
VisualStudioVersion = 17.5.33424.131
MinimumVisualStudioVersion = 10.0.40219.1
Project("{FAE04EC0-301F-11D3-BF4B-00C04F79EFBC}") = "5AdetIslevselUygulaması", "5AdetIslevselUygulaması\5AdetIslevselUygulaması.csproj", "{596592B7-12E6-4984-B555-EE2FF5585E11}"
EndProject
Global
	GlobalSection(SolutionConfigurationPlatforms) = preSolution
		Debug|Any CPU = Debug|Any CPU
		Release|Any CPU = Release|Any CPU
	EndGlobalSection
	GlobalSection(ProjectConfigurationPlatforms) = postSolution
		{596592B7-12E6-4984-B555-EE2FF5585E11}.Debug|Any CPU.ActiveCfg = Debug|Any CPU
		{596592B7-12E6-4984-B555-EE2FF5585E11}.Debug|Any CPU.Build.0 = Debug|Any CPU
		{596592B7-12E6-4984-B555-EE2FF5585E11}.Release|Any CPU.ActiveCfg = Release|Any CPU
		{596592B7-12E6-4984-B555-EE2FF5585E11}.Release|Any CPU.Build.0 = Release|Any CPU
	EndGlobalSection
	GlobalSection(SolutionProperties) = preSolution
		HideSolutionNode = FALSE
	EndGlobalSection
	GlobalSection(ExtensibilityGlobals) = postSolution
		SolutionGuid = {DABE298B-805E-400F-BC52-9A285AAF3092}
	EndGlobalSection
EndGlobal
